PODS:
  - Alamofire (4.9.1)
  - DropDown (2.3.13)
  - Firebase/CoreOnly (6.27.1):
    - FirebaseCore (= 6.8.1)
  - Firebase/Messaging (6.27.1):
    - Firebase/CoreOnly
    - FirebaseMessaging (~> 4.5.0)
  - FirebaseCore (6.8.1):
    - FirebaseCoreDiagnostics (~> 1.3)
    - GoogleUtilities/Environment (~> 6.5)
    - GoogleUtilities/Logger (~> 6.5)
  - FirebaseCoreDiagnostics (1.4.0):
    - GoogleDataTransportCCTSupport (~> 3.1)
    - GoogleUtilities/Environment (~> 6.5)
    - GoogleUtilities/Logger (~> 6.5)
    - nanopb (~> 1.30905.0)
  - FirebaseInstallations (1.4.0):
    - FirebaseCore (~> 6.8)
    - GoogleUtilities/Environment (~> 6.6)
    - GoogleUtilities/UserDefaults (~> 6.6)
    - PromisesObjC (~> 1.2)
  - FirebaseInstanceID (4.4.0):
    - FirebaseCore (~> 6.8)
    - FirebaseInstallations (~> 1.0)
    - GoogleUtilities/Environment (~> 6.5)
    - GoogleUtilities/UserDefaults (~> 6.5)
  - FirebaseMessaging (4.5.0):
    - FirebaseCore (~> 6.8)
    - FirebaseInstanceID (~> 4.3)
    - GoogleUtilities/AppDelegateSwizzler (~> 6.5)
    - GoogleUtilities/Environment (~> 6.5)
    - GoogleUtilities/Reachability (~> 6.5)
    - GoogleUtilities/UserDefaults (~> 6.5)
    - Protobuf (>= 3.9.2, ~> 3.9)
  - GoogleDataTransport (6.2.1)
  - GoogleDataTransportCCTSupport (3.2.0):
    - GoogleDataTransport (~> 6.1)
    - nanopb (~> 1.30905.0)
  - GoogleUtilities/AppDelegateSwizzler (6.6.0):
    - GoogleUtilities/Environment
    - GoogleUtilities/Logger
    - GoogleUtilities/Network
  - GoogleUtilities/Environment (6.6.0):
    - PromisesObjC (~> 1.2)
  - GoogleUtilities/Logger (6.6.0):
    - GoogleUtilities/Environment
  - GoogleUtilities/Network (6.6.0):
    - GoogleUtilities/Logger
    - "GoogleUtilities/NSData+zlib"
    - GoogleUtilities/Reachability
  - "GoogleUtilities/NSData+zlib (6.6.0)"
  - GoogleUtilities/Reachability (6.6.0):
    - GoogleUtilities/Logger
  - GoogleUtilities/UserDefaults (6.6.0):
    - GoogleUtilities/Logger
  - IQKeyboardManagerSwift (6.5.5)
  - lottie-ios (3.1.8)
  - MFSideMenu (0.5.5)
  - nanopb (1.30905.0):
    - nanopb/decode (= 1.30905.0)
    - nanopb/encode (= 1.30905.0)
  - nanopb/decode (1.30905.0)
  - nanopb/encode (1.30905.0)
  - NVActivityIndicatorView (4.8.0):
    - NVActivityIndicatorView/Presenter (= 4.8.0)
  - NVActivityIndicatorView/Presenter (4.8.0)
  - PEPhotoCropEditor (1.3.1)
  - PromisesObjC (1.2.9)
  - Protobuf (3.12.0)
  - SDWebImage (5.8.1):
    - SDWebImage/Core (= 5.8.1)
  - SDWebImage/Core (5.8.1)
  - SKPhotoBrowser (6.1.0)
  - Toast-Swift (5.0.1)

DEPENDENCIES:
  - Alamofire (~> 4)
  - DropDown
  - Firebase/Messaging
  - IQKeyboardManagerSwift
  - lottie-ios
  - MFSideMenu
  - NVActivityIndicatorView
  - PEPhotoCropEditor
  - SDWebImage
  - SKPhotoBrowser
  - Toast-Swift

SPEC REPOS:
  trunk:
    - Alamofire
    - DropDown
    - Firebase
    - FirebaseCore
    - FirebaseCoreDiagnostics
    - FirebaseInstallations
    - FirebaseInstanceID
    - FirebaseMessaging
    - GoogleDataTransport
    - GoogleDataTransportCCTSupport
    - GoogleUtilities
    - IQKeyboardManagerSwift
    - lottie-ios
    - MFSideMenu
    - nanopb
    - NVActivityIndicatorView
    - PEPhotoCropEditor
    - PromisesObjC
    - Protobuf
    - SDWebImage
    - SKPhotoBrowser
    - Toast-Swift

SPEC CHECKSUMS:
  Alamofire: 85e8a02c69d6020a0d734f6054870d7ecb75cf18
  DropDown: 8a2116376c1981888557f72ec2ffc9a5e0e456ec
  Firebase: 919186c8e119dd9372a45fd1dd17a8a942bc1892
  FirebaseCore: 8cd4f8ea22075e0ee582849b1cf79d8816506085
  FirebaseCoreDiagnostics: 4505e4d4009b1d93f605088ee7d7764d5f0d1c84
  FirebaseInstallations: 293f567159b6d66d1c990f13bb868066096c94ec
  FirebaseInstanceID: 3b119bfe90e904851218159c9a4ecb847cc51d18
  FirebaseMessaging: ad9e1a80ea64905e01a0ce1b3eb76a2944544151
  GoogleDataTransport: 9a8a16f79feffc7f42096743de2a7c4815e84020
  GoogleDataTransportCCTSupport: 489c1265d2c85b68187a83a911913d190012158d
  GoogleUtilities: 39530bc0ad980530298e9c4af8549e991fd033b1
  IQKeyboardManagerSwift: 0fb93310284665245591f50f7a5e38de615960b7
  lottie-ios: 48fac6be217c76937e36e340e2d09cf7b10b7f5f
  MFSideMenu: 268122e6894f2747fc3a2b48578100b232506c60
  nanopb: c43f40fadfe79e8b8db116583945847910cbabc9
  NVActivityIndicatorView: d24b7ebcf80af5dcd994adb650e2b6c93379270f
  PEPhotoCropEditor: 613292fce009efd085e7aed975f1ebb3fec8bb7b
  PromisesObjC: b48e0338dbbac2207e611750777895f7a5811b75
  Protobuf: 2793fcd0622a00b546c60e7cbbcc493e043e9bb9
  SDWebImage: e3eae2eda88578db0685a0c88597fdadd9433f05
  SKPhotoBrowser: 343de95d89dc7913763c5dda243cc6e606e4a168
  Toast-Swift: 9b6a70f28b3bf0b96c40d46c0c4b9d6639846711

PODFILE CHECKSUM: 521b3b33cfb5009c1de4eb7a7c81620494f22897

COCOAPODS: 1.9.3
